
Microsoft Visual Studio Solution File, Format Version 12.00
# Visual Studio Version 17
VisualStudioVersion = 17.5.33516.290
MinimumVisualStudioVersion = 10.0.40219.1
Project("{9A19103F-16F7-4668-BE54-9A1E7A4F7556}") = "DreamStartOfTurnMod_TopDeck", "DreamStartOfTurnMod_TopDeck.csproj", "{D831E29C-4F81-45F6-8458-0924316816DA}"
EndProject
Project("{2150E333-8FDC-42A3-9474-1A3956D46DE8}") = "Solution Items", "Solution Items", "{F8AA4455-D010-4D90-8869-16B37A5793F1}"
	ProjectSection(SolutionItems) = preProject
		.editorconfig = .editorconfig
	EndProjectSection
EndProject
Project("{FAE04EC0-301F-11D3-BF4B-00C04F79EFBC}") = "LBoL.EntityLib", "..\LBoL.EntityLib\LBoL.EntityLib.csproj", "{A0BDFEBF-026A-430A-9937-0B5175885B47}"
EndProject
Project("{FAE04EC0-301F-11D3-BF4B-00C04F79EFBC}") = "LBoL.Core", "..\LBoL.Core\LBoL.Core.csproj", "{CB728A84-C1C7-484E-8E1C-3AA5431FE513}"
EndProject
Project("{FAE04EC0-301F-11D3-BF4B-00C04F79EFBC}") = "LBoL.Presentation", "..\LBoL.Presentation\LBoL.Presentation.csproj", "{4F8438F4-1010-40EC-884E-85493530AE3B}"
EndProject
Project("{FAE04EC0-301F-11D3-BF4B-00C04F79EFBC}") = "LBoL.ConfigData", "..\LBoL.ConfigData\LBoL.ConfigData.csproj", "{1F63560D-F60D-41AF-9C8F-795F235305AC}"
EndProject
Project("{FAE04EC0-301F-11D3-BF4B-00C04F79EFBC}") = "LBoL.Base", "..\LBoL.Base\LBoL.Base.csproj", "{2C6ECC65-E43C-401A-B480-BEA3ED2027B0}"
EndProject
Global
	GlobalSection(SolutionConfigurationPlatforms) = preSolution
		Debug|Any CPU = Debug|Any CPU
		Debug|x64 = Debug|x64
		Debug|x86 = Debug|x86
		Release|Any CPU = Release|Any CPU
		Release|x64 = Release|x64
		Release|x86 = Release|x86
	EndGlobalSection
	GlobalSection(ProjectConfigurationPlatforms) = postSolution
		{D831E29C-4F81-45F6-8458-0924316816DA}.Debug|Any CPU.ActiveCfg = Debug|Any CPU
		{D831E29C-4F81-45F6-8458-0924316816DA}.Debug|Any CPU.Build.0 = Debug|Any CPU
		{D831E29C-4F81-45F6-8458-0924316816DA}.Debug|x64.ActiveCfg = Debug|Any CPU
		{D831E29C-4F81-45F6-8458-0924316816DA}.Debug|x64.Build.0 = Debug|Any CPU
		{D831E29C-4F81-45F6-8458-0924316816DA}.Debug|x86.ActiveCfg = Debug|Any CPU
		{D831E29C-4F81-45F6-8458-0924316816DA}.Debug|x86.Build.0 = Debug|Any CPU
		{D831E29C-4F81-45F6-8458-0924316816DA}.Release|Any CPU.ActiveCfg = Release|Any CPU
		{D831E29C-4F81-45F6-8458-0924316816DA}.Release|Any CPU.Build.0 = Release|Any CPU
		{D831E29C-4F81-45F6-8458-0924316816DA}.Release|x64.ActiveCfg = Release|Any CPU
		{D831E29C-4F81-45F6-8458-0924316816DA}.Release|x64.Build.0 = Release|Any CPU
		{D831E29C-4F81-45F6-8458-0924316816DA}.Release|x86.ActiveCfg = Release|Any CPU
		{D831E29C-4F81-45F6-8458-0924316816DA}.Release|x86.Build.0 = Release|Any CPU
		{A0BDFEBF-026A-430A-9937-0B5175885B47}.Debug|Any CPU.ActiveCfg = Debug|Any CPU
		{A0BDFEBF-026A-430A-9937-0B5175885B47}.Debug|Any CPU.Build.0 = Debug|Any CPU
		{A0BDFEBF-026A-430A-9937-0B5175885B47}.Debug|x64.ActiveCfg = Debug|Any CPU
		{A0BDFEBF-026A-430A-9937-0B5175885B47}.Debug|x64.Build.0 = Debug|Any CPU
		{A0BDFEBF-026A-430A-9937-0B5175885B47}.Debug|x86.ActiveCfg = Debug|Any CPU
		{A0BDFEBF-026A-430A-9937-0B5175885B47}.Debug|x86.Build.0 = Debug|Any CPU
		{A0BDFEBF-026A-430A-9937-0B5175885B47}.Release|Any CPU.ActiveCfg = Release|Any CPU
		{A0BDFEBF-026A-430A-9937-0B5175885B47}.Release|Any CPU.Build.0 = Release|Any CPU
		{A0BDFEBF-026A-430A-9937-0B5175885B47}.Release|x64.ActiveCfg = Release|Any CPU
		{A0BDFEBF-026A-430A-9937-0B5175885B47}.Release|x64.Build.0 = Release|Any CPU
		{A0BDFEBF-026A-430A-9937-0B5175885B47}.Release|x86.ActiveCfg = Release|Any CPU
		{A0BDFEBF-026A-430A-9937-0B5175885B47}.Release|x86.Build.0 = Release|Any CPU
		{CB728A84-C1C7-484E-8E1C-3AA5431FE513}.Debug|Any CPU.ActiveCfg = Debug|Any CPU
		{CB728A84-C1C7-484E-8E1C-3AA5431FE513}.Debug|Any CPU.Build.0 = Debug|Any CPU
		{CB728A84-C1C7-484E-8E1C-3AA5431FE513}.Debug|x64.ActiveCfg = Debug|Any CPU
		{CB728A84-C1C7-484E-8E1C-3AA5431FE513}.Debug|x64.Build.0 = Debug|Any CPU
		{CB728A84-C1C7-484E-8E1C-3AA5431FE513}.Debug|x86.ActiveCfg = Debug|Any CPU
		{CB728A84-C1C7-484E-8E1C-3AA5431FE513}.Debug|x86.Build.0 = Debug|Any CPU
		{CB728A84-C1C7-484E-8E1C-3AA5431FE513}.Release|Any CPU.ActiveCfg = Release|Any CPU
		{CB728A84-C1C7-484E-8E1C-3AA5431FE513}.Release|Any CPU.Build.0 = Release|Any CPU
		{CB728A84-C1C7-484E-8E1C-3AA5431FE513}.Release|x64.ActiveCfg = Release|Any CPU
		{CB728A84-C1C7-484E-8E1C-3AA5431FE513}.Release|x64.Build.0 = Release|Any CPU
		{CB728A84-C1C7-484E-8E1C-3AA5431FE513}.Release|x86.ActiveCfg = Release|Any CPU
		{CB728A84-C1C7-484E-8E1C-3AA5431FE513}.Release|x86.Build.0 = Release|Any CPU
		{4F8438F4-1010-40EC-884E-85493530AE3B}.Debug|Any CPU.ActiveCfg = Debug|Any CPU
		{4F8438F4-1010-40EC-884E-85493530AE3B}.Debug|Any CPU.Build.0 = Debug|Any CPU
		{4F8438F4-1010-40EC-884E-85493530AE3B}.Debug|x64.ActiveCfg = Debug|Any CPU
		{4F8438F4-1010-40EC-884E-85493530AE3B}.Debug|x64.Build.0 = Debug|Any CPU
		{4F8438F4-1010-40EC-884E-85493530AE3B}.Debug|x86.ActiveCfg = Debug|Any CPU
		{4F8438F4-1010-40EC-884E-85493530AE3B}.Debug|x86.Build.0 = Debug|Any CPU
		{4F8438F4-1010-40EC-884E-85493530AE3B}.Release|Any CPU.ActiveCfg = Release|Any CPU
		{4F8438F4-1010-40EC-884E-85493530AE3B}.Release|Any CPU.Build.0 = Release|Any CPU
		{4F8438F4-1010-40EC-884E-85493530AE3B}.Release|x64.ActiveCfg = Release|Any CPU
		{4F8438F4-1010-40EC-884E-85493530AE3B}.Release|x64.Build.0 = Release|Any CPU
		{4F8438F4-1010-40EC-884E-85493530AE3B}.Release|x86.ActiveCfg = Release|Any CPU
		{4F8438F4-1010-40EC-884E-85493530AE3B}.Release|x86.Build.0 = Release|Any CPU
		{1F63560D-F60D-41AF-9C8F-795F235305AC}.Debug|Any CPU.ActiveCfg = Debug|Any CPU
		{1F63560D-F60D-41AF-9C8F-795F235305AC}.Debug|Any CPU.Build.0 = Debug|Any CPU
		{1F63560D-F60D-41AF-9C8F-795F235305AC}.Debug|x64.ActiveCfg = Debug|Any CPU
		{1F63560D-F60D-41AF-9C8F-795F235305AC}.Debug|x64.Build.0 = Debug|Any CPU
		{1F63560D-F60D-41AF-9C8F-795F235305AC}.Debug|x86.ActiveCfg = Debug|Any CPU
		{1F63560D-F60D-41AF-9C8F-795F235305AC}.Debug|x86.Build.0 = Debug|Any CPU
		{1F63560D-F60D-41AF-9C8F-795F235305AC}.Release|Any CPU.ActiveCfg = Release|Any CPU
		{1F63560D-F60D-41AF-9C8F-795F235305AC}.Release|Any CPU.Build.0 = Release|Any CPU
		{1F63560D-F60D-41AF-9C8F-795F235305AC}.Release|x64.ActiveCfg = Release|Any CPU
		{1F63560D-F60D-41AF-9C8F-795F235305AC}.Release|x64.Build.0 = Release|Any CPU
		{1F63560D-F60D-41AF-9C8F-795F235305AC}.Release|x86.ActiveCfg = Release|Any CPU
		{1F63560D-F60D-41AF-9C8F-795F235305AC}.Release|x86.Build.0 = Release|Any CPU
		{2C6ECC65-E43C-401A-B480-BEA3ED2027B0}.Debug|Any CPU.ActiveCfg = Debug|Any CPU
		{2C6ECC65-E43C-401A-B480-BEA3ED2027B0}.Debug|Any CPU.Build.0 = Debug|Any CPU
		{2C6ECC65-E43C-401A-B480-BEA3ED2027B0}.Debug|x64.ActiveCfg = Debug|Any CPU
		{2C6ECC65-E43C-401A-B480-BEA3ED2027B0}.Debug|x64.Build.0 = Debug|Any CPU
		{2C6ECC65-E43C-401A-B480-BEA3ED2027B0}.Debug|x86.ActiveCfg = Debug|Any CPU
		{2C6ECC65-E43C-401A-B480-BEA3ED2027B0}.Debug|x86.Build.0 = Debug|Any CPU
		{2C6ECC65-E43C-401A-B480-BEA3ED2027B0}.Release|Any CPU.ActiveCfg = Release|Any CPU
		{2C6ECC65-E43C-401A-B480-BEA3ED2027B0}.Release|Any CPU.Build.0 = Release|Any CPU
		{2C6ECC65-E43C-401A-B480-BEA3ED2027B0}.Release|x64.ActiveCfg = Release|Any CPU
		{2C6ECC65-E43C-401A-B480-BEA3ED2027B0}.Release|x64.Build.0 = Release|Any CPU
		{2C6ECC65-E43C-401A-B480-BEA3ED2027B0}.Release|x86.ActiveCfg = Release|Any CPU
		{2C6ECC65-E43C-401A-B480-BEA3ED2027B0}.Release|x86.Build.0 = Release|Any CPU
	EndGlobalSection
	GlobalSection(SolutionProperties) = preSolution
		HideSolutionNode = FALSE
	EndGlobalSection
	GlobalSection(ExtensibilityGlobals) = postSolution
		SolutionGuid = {D4F6A1E4-003F-4B02-A547-728D129896B8}
	EndGlobalSection
EndGlobal
